cloud.google.com/go v0.34.0/go.mod h1:aQUYkXzVsufM+DwF1aE+0xfcU+56JwCaLick0ClmMTw=
github.com/BurntSushi/toml v0.3.1/go.mod h1:xHWCNGjB5oqiDr8zfno3MHue2Ht5sIBksp03qcyfWMU=
github.com/ChimeraCoder/anaconda v2.0.0+incompatible h1:F0eD7CHXieZ+VLboCD5UAqCeAzJZxcr90zSCcuJopJs=
github.com/ChimeraCoder/anaconda v2.0.0+incompatible/go.mod h1:TCt3MijIq3Qqo9SBtuW/rrM4x7rDfWqYWHj8T7hLcLg=
github.com/ChimeraCoder/tokenbucket v0.0.0-20131201223612-c5a927568de7 h1:r+EmXjfPosKO4wfiMLe1XQictsIlhErTufbWUsjOTZs=
github.com/ChimeraCoder/tokenbucket v0.0.0-20131201223612-c5a927568de7/go.mod h1:b2EuEMLSG9q3bZ95ql1+8oVqzzrTNSiOQqSXWFBzxeI=
github.com/CleverbotIO/go-cleverbot.io v0.0.0-20170417080108-d24926702e8d h1:ataV5AO2cPduVc/gx48pZ4lxpzxZr7WHFui8k/m6Y2k=
github.com/CleverbotIO/go-cleverbot.io v0.0.0-20170417080108-d24926702e8d/go.mod h1:MlNO0dQy+3VUxQ6zj7I1ykNP0DeznzB0IswHEEj33ok=
github.com/DATA-DOG/go-sqlmock v1.3.3/go.mod h1:f/Ixk793poVmq4qj/V1dPUg2JEAKC73Q5eFN3EC/SaM=
github.com/MariaTerzieva/gotumblr v0.0.0-20170505145609-93ca5e50a3fd h1:KddRLg9zkmL52WTvlvRWJYcR26hfKEKnkzLE8IkKZzY=
github.com/MariaTerzieva/gotumblr v0.0.0-20170505145609-93ca5e50a3fd/go.mod h1:QSx6VAxYnm/tN1N2icODlufKb0b5OuBkXDzFJWD7nlM=
github.com/Profpatsch/GoOse v0.0.0-20181012194242-da5de31b9bd2 h1:bul/2q+F+e8bZqgNmh/rQSxZK8F4XXw24SCi1GUJ2i4=
github.com/Profpatsch/GoOse v0.0.0-20181012194242-da5de31b9bd2/go.mod h1:f5uOYEWPJji9Y6mwXULhr/sETrGWcW6D+bg9nRCA310=
github.com/PuerkitoBio/goquery v1.5.0 h1:uGvmFXOA73IKluu/F84Xd1tt/z07GYm8X49XKHP7EJk=
github.com/PuerkitoBio/goquery v1.5.0/go.mod h1:qD2PgZ9lccMbQlc7eEOjaeRlFQON7xY8kdmcsrnKqMg=
github.com/akashshinde/go_cricket v0.0.0-20170322162016-01a06b2c3f22 h1:2jzZwBlEdGUf34//31M7m+J1k8Iln8yNeVK0FpnZXOY=
github.com/akashshinde/go_cricket v0.0.0-20170322162016-01a06b2c3f22/go.mod h1:22G9EQ6wpT/k35p9F2xHsbqfH5uL3bQcjJIjPJ+J6xU=
github.com/andybalholm/cascadia v1.0.0 h1:hOCXnnZ5A+3eVDX8pvgl4kofXv2ELss0bKcqRySc45o=
github.com/andybalholm/cascadia v1.0.0/go.mod h1:GsXiBklL0woXo1j/WYWtSYYC4ouU9PqHO0sqidkEA4Y=
github.com/araddon/dateparse v0.0.0-20190426192744-0d74ffceef83 h1:ukTLOeMC0aVxbJWVg6hOsVJ0VPIo8w++PbNsze/pqF8=
github.com/araddon/dateparse v0.0.0-20190426192744-0d74ffceef83/go.mod h1:SLqhdZcd+dF3TEVL2RMoob5bBP5R1P1qkox+HtCBgGI=
github.com/asaskevich/EventBus v0.0.0-20180315140547-d46933a94f05 h1:Shem5lRG4gJyrrg9YMIl7dOQazyWCq0Daz4LjompZ28=
github.com/asaskevich/EventBus v0.0.0-20180315140547-d46933a94f05/go.mod h1:JS7hed4L1fj0hXcyEejnW57/7LCetXggd+vwrRnYeII=
github.com/azr/backoff v0.0.0-20160115115103-53511d3c7330 h1:ekDALXAVvY/Ub1UtNta3inKQwZ/jMB/zpOtD8rAYh78=
github.com/azr/backoff v0.0.0-20160115115103-53511d3c7330/go.mod h1:nH+k0SvAt3HeiYyOlJpLLv1HG1p7KWP7qU9QPp2/pCo=
github.com/beorn7/perks v0.0.0-20180321164747-3a771d992973 h1:xJ4a3vCFaGF/jqvzLMYoU8P317H5OQ+Via4RmuPwCS0=
github.com/beorn7/perks v0.0.0-20180321164747-3a771d992973/go.mod h1:Dwedo/Wpr24TaqPxmxbtue+5NUziq4I4S80YR8gNf3Q=
github.com/blend/go-sdk v2.0.0+incompatible h1:FL9X/of4ZYO5D2JJNI4vHrbXPfuSDbUa7h8JP9+E92w=
github.com/blend/go-sdk v2.0.0+incompatible/go.mod h1:3GUb0YsHFNTJ6hsJTpzdmCUl05o8HisKjx5OAlzYKdw=
github.com/briandowns/openweathermap v0.0.0-20180804155945-5f41b7c9d92d h1:28xWzPQ9bdGxKAAwQpZipZZ9Xz8kQcgMPF9cZnvMeuI=
github.com/briandowns/openweathermap v0.0.0-20180804155945-5f41b7c9d92d/go.mod h1:8g1Bgq9PbPpXIA3sdlWmWf2JpiWGJee/O4Q+ddYO6+k=
github.com/bwmarrin/discordgo v0.19.0 h1:kMED/DB0NR1QhRcalb85w0Cu3Ep2OrGAqZH1R5awQiY=
github.com/bwmarrin/discordgo v0.19.0/go.mod h1:O9S4p+ofTFwB02em7jkpkV8M3R0/PUVOwN61zSZ0r4Q=
github.com/carlosdp/twiliogo v0.0.0-20161027183705-b26045ebb9d1 h1:hXakhQtPnXH839q1pBl/GqfTSchqE+R5Fqn98Iu7UQM=
github.com/carlosdp/twiliogo v0.0.0-20161027183705-b26045ebb9d1/go.mod h1:pAxCBpjl/0JxYZlWGP/Dyi8f/LQSCQD2WAsG/iNzqQ8=
github.com/cloudflare/cloudflare-go v0.10.6 h1:mbv0IrcrrLlPLxAzCdW6aQ/CPlqhyXrXTjviU0Tb+34=
github.com/cloudflare/cloudflare-go v0.10.6/go.mod h1:dcRl7AXBH5Bf7QFTBVc3TRzwvotSeO4AlnMhuxORAX8=
github.com/coreos/go-systemd v0.0.0-20190719114852-fd7a80b32e1f h1:JOrtw2xFKzlg+cbHpyrpLDmnN1HqhBfnX7WDiW7eG2c=
github.com/coreos/go-systemd v0.0.0-20190719114852-fd7a80b32e1f/go.mod h1:F5haX7vjVVG0kc13fIWeqUViNPyEJxv/OmvnBo0Yme4=
github.com/cpuguy83/go-md2man/v2 v2.0.0-20190314233015-f79a8a8ca69d/go.mod h1:maD7wRr/U5Z6m/iR4s+kqSMx2CaBsrgA7czyZG/E6dU=
github.com/davecgh/go-spew v1.1.0 h1:ZDRjVQ15GmhC3fiQ8ni8+OwkZQO4DARzQgrnXU1Liz8=
github.com/davecgh/go-spew v1.1.0/go.mod h1:J7Y8YcW2NihsgmVo/mv3lAwl/skON4iLHjSsI+c5H38=
github.com/davecgh/go-spew v1.1.1 h1:vj9j/u1bqnvCEfJOwUhtlOARqs3+rkHYY13jYWTU97c=
github.com/davecgh/go-spew v1.1.1/go.mod h1:J7Y8YcW2NihsgmVo/mv3lAwl/skON4iLHjSsI+c5H38=
github.com/deckarep/gosx-notifier v0.0.0-20180201035817-e127226297fb h1:6S+TKObz6+Io2c8IOkcbK4Sz7nj6RpEVU7TkvmsZZcw=
github.com/deckarep/gosx-notifier v0.0.0-20180201035817-e127226297fb/go.mod h1:wf3nKtOnQqCp7kp9xB7hHnNlZ6m3NoiOxjrB9hFRq4Y=
github.com/dustin/go-jsonpointer v0.0.0-20160814072949-ba0abeacc3dc h1:tP7tkU+vIsEOKiK+l/NSLN4uUtkyuxc6hgYpQeCWAeI=
github.com/dustin/go-jsonpointer v0.0.0-20160814072949-ba0abeacc3dc/go.mod h1:ORH5Qp2bskd9NzSfKqAF7tKfONsEkCarTE5ESr/RVBw=
github.com/dustin/gojson v0.0.0-20160307161227-2e71ec9dd5ad h1:Qk76DOWdOp+GlyDKBAG3Klr9cn7N+LcYc82AZ2S7+cA=
github.com/dustin/gojson v0.0.0-20160307161227-2e71ec9dd5ad/go.mod h1:mPKfmRa823oBIgl2r20LeMSpTAteW5j7FLkc0vjmzyQ=
github.com/emicklei/go-restful v2.9.3+incompatible h1:2OwhVdhtzYUp5P5wuGsVDPagKSRd9JK72sJCHVCXh5g=
github.com/emicklei/go-restful v2.9.3+incompatible/go.mod h1:otzb+WCGbkyDHkqmQmT5YD2WR4BBwUdeQoFo8l/7tVs=
github.com/fatih/set v0.2.1 h1:nn2CaJyknWE/6txyUDGwysr3G5QC6xWB/PtVjPBbeaA=
github.com/fatih/set v0.2.1/go.mod h1:+RKtMCH+favT2+3YecHGxcc0b4KyVWA1QWWJUs4E0CI=
github.com/flashmob/go-guerrilla v1.6.1 h1:MLkqzRFUJveVAWuQ3s2MNPTAWbvXLt8EFsBoraS6qHA=
github.com/flashmob/go-guerrilla v1.6.1/go.mod h1:ZT9TRggRsSY4ZVndoyx8TRUxi3tM/nOYtKWKDX94H0I=
github.com/fluffle/goirc v1.0.1 h1:YHBfWIXSFgABz8dbijvOIKucFejnbHdk78+r2z/6B/Q=
github.com/fluffle/goirc v1.0.1/go.mod h1:bm91JNJ5r070PbWm8uG9UDcy9GJxvB6fmVuHDttWwR4=
github.com/fluffle/golog v1.0.2/go.mod h1:TKZoUh/MNb9worAhWP158Ol0TXc5EfhMJK/qB/7j+Ko=
github.com/fsnotify/fsnotify v1.4.7 h1:IXs+QLmnXW2CcXuY+8Mzv/fWEsPGWxqefPtCP5CnV9I=
github.com/fsnotify/fsnotify v1.4.7/go.mod h1:jwhsz4b93w/PPRr/qN1Yymfu8t87LnFCMoQvtojpjFo=
github.com/garyburd/go-oauth v0.0.0-20180319155456-bca2e7f09a17 h1:GOfMz6cRgTJ9jWV0qAezv642OhPnKEG7gtUjJSdStHE=
github.com/garyburd/go-oauth v0.0.0-20180319155456-bca2e7f09a17/go.mod h1:HfkOCN6fkKKaPSAeNq/er3xObxTW4VLeY6UUK895gLQ=
github.com/gempir/go-twitch-irc/v2 v2.2.2 h1:uzinel2qApXL1UVfr3QcZ3dJsf+YU+PaUp0qJk03qNo=
github.com/gempir/go-twitch-irc/v2 v2.2.2/go.mod h1:0HXoEr9l7gNjwajosptV0w0xGpHeU6gsD7JDlfvjTYI=
github.com/gigawattio/window v0.0.0-20180317192513-0f5467e35573 h1:u8AQ9bPa9oC+8/A/jlWouakhIvkFfuxgIIRjiy8av7I=
github.com/gigawattio/window v0.0.0-20180317192513-0f5467e35573/go.mod h1:eBvb3i++NHDH4Ugo9qCvMw8t0mTSctaEa5blJbWcNxs=
github.com/glaxx/go_pastebin v0.0.0-20170619211819-7e72d56770d0 h1:EdszNpwFiRjmOMBc8VWyoaydQLCMvXCTO1JGhOPN8J0=
github.com/glaxx/go_pastebin v0.0.0-20170619211819-7e72d56770d0/go.mod h1:R7D2HdGrozpSe4V0ZuxAH7RKteG/vcpPpPsghEHo2+Y=
github.com/go-ini/ini v1.42.0 h1:TWr1wGj35+UiWHlBA8er89seFXxzwFn11spilrrj+38=
github.com/go-ini/ini v1.42.0/go.mod h1:ByCAeIL28uOIIG0E3PJtZPDL8WnHpFKFOtgjp+3Ies8=
github.com/go-mail/mail v2.3.1+incompatible h1:UzNOn0k5lpfVtO31cK3hn6I4VEVGhe3lX8AJBAxXExM=
github.com/go-mail/mail v2.3.1+incompatible/go.mod h1:VPWjmmNyRsWXQZHVHT3g0YbIINUkSmuKOiLIDkWbL6M=
github.com/go-redis/redis v6.15.6+incompatible h1:H9evprGPLI8+ci7fxQx6WNZHJSb7be8FqJQRhdQZ5Sg=
github.com/go-redis/redis v6.15.6+incompatible/go.mod h1:NAIEuMOZ/fxfXJIrKDQDz8wamY7mA7PouImQ2Jvg6kA=
github.com/go-sql-driver/mysql v1.5.0 h1:ozyZYNQW3x3HtqT1jira07DN2PArx2v7/mN66gGcHOs=
github.com/go-sql-driver/mysql v1.5.0/go.mod h1:DCzpHaOWr8IXmIStZouvnhqoel9Qv2LBy8hT2VhHyBg=
github.com/go-telegram-bot-api/telegram-bot-api v1.0.1-0.20200319042609-5e339ed016b0 h1:MMufjch8yWKRo67mc+HdMseaUlF1UAwngldBRB/lgAs=
github.com/go-telegram-bot-api/telegram-bot-api v1.0.1-0.20200319042609-5e339ed016b0/go.mod h1:lDm2E64X4OjFdBUA4hlN4mEvbSitvhJdKw7rsA8KHgI=
github.com/golang/freetype v0.0.0-20170609003504-e2365dfdc4a0 h1:DACJavvAHhabrF08vX0COfcOBJRhZ8lUbR+ZWIs0Y5g=
github.com/golang/freetype v0.0.0-20170609003504-e2365dfdc4a0/go.mod h1:E/TSTwGwJL78qG/PmXZO1EjYhfJinVAhrmmHX6Z8B9k=
github.com/golang/glog v0.0.0-20160126235308-23def4e6c14b/go.mod h1:SBH7ygxi8pfUlaOkMMuAQtPIUF8ecWP5IEl/CR7VP2Q=
github.com/golang/mock v1.1.1/go.mod h1:oTYuIxOrZwtPieC+H1uAHpcLFnEyAGVDL/k47Jfbm0A=
github.com/golang/mock v1.2.0 h1:28o5sBqPkBsMGnC6b4MvE2TzSr5/AT4c/1fLqVGIwlk=
github.com/golang/mock v1.2.0/go.mod h1:oTYuIxOrZwtPieC+H1uAHpcLFnEyAGVDL/k47Jfbm0A=
github.com/golang/protobuf v1.2.0 h1:P3YflyNX/ehuJFLhxviNdFxQPkGK5cDcApsge1SqnvM=
github.com/golang/protobuf v1.2.0/go.mod h1:6lQm79b+lXiMfvg/cZm0SGofjICqVBUtrP5yJMmIC1U=
github.com/golang/protobuf v1.3.1 h1:YF8+flBXS5eO826T4nzqPrxfhQThhXl0YzfuUPu4SBg=
github.com/golang/protobuf v1.3.1/go.mod h1:6lQm79b+lXiMfvg/cZm0SGofjICqVBUtrP5yJMmIC1U=
github.com/google/go-github v17.0.0+incompatible h1:N0LgJ1j65A7kfXrZnUDaYCs/Sf4rEjNlfyDHW9dolSY=
github.com/google/go-github v17.0.0+incompatible/go.mod h1:zLgOLi98H3fifZn+44m+umXrS52loVEgC2AApnigrVQ=
github.com/google/go-querystring v1.0.0 h1:Xkwi/a1rcvNg1PPYe5vI8GbeBY/jrVuDX5ASuANWTrk=
github.com/google/go-querystring v1.0.0/go.mod h1:odCYkC5MyYFN7vkCjXpyrEuKhc/BUO6wN/zVPAxq5ck=
github.com/gopherjs/gopherjs v0.0.0-20181017120253-0766667cb4d1 h1:EGx4pi6eqNxGaHF6qqu48+N2wcFQ5qg5FXgOdqsJ5d8=
github.com/gopherjs/gopherjs v0.0.0-20181017120253-0766667cb4d1/go.mod h1:wJfORRmW1u3UXTncJ5qlYoELFm8eSnnEO6hX4iZ3EWY=
github.com/gopherjs/gopherjs v0.0.0-20190430165422-3e4dfb77656c h1:7lF+Vz0LqiRidnzC1Oq86fpX1q/iEv2KJdrCtttYjT4=
github.com/gopherjs/gopherjs v0.0.0-20190430165422-3e4dfb77656c/go.mod h1:wJfORRmW1u3UXTncJ5qlYoELFm8eSnnEO6hX4iZ3EWY=
github.com/gorilla/websocket v1.2.0/go.mod h1:E7qHFY5m1UJ88s3WnNqhKjPHQ0heANvMoAMk2YaljkQ=
github.com/gorilla/websocket v1.4.0 h1:WDFjx/TMzVgy9VdMMQi2K2Emtwi2QcUQsztZ/zLaH/Q=
github.com/gorilla/websocket v1.4.0/go.mod h1:E7qHFY5m1UJ88s3WnNqhKjPHQ0heANvMoAMk2YaljkQ=
github.com/guelfey/go.dbus v0.0.0-20131113121618-f6a3a2366cc3 h1:fngCxKbvZdctIsWj2hYijhAt4iK0JXSSA78B36xP0yI=
github.com/guelfey/go.dbus v0.0.0-20131113121618-f6a3a2366cc3/go.mod h1:0CNX5Cvi77WEH8llpfZ/ieuqyceb1cnO5//b5zzsnF8=
github.com/horrendus/go-mixcloud v0.0.0-20190427074402-c2164c9e194c h1:nnb4dSY7AcPeDk91FQt+wpBGV2M2vYdz/3sjN21b/pU=
github.com/horrendus/go-mixcloud v0.0.0-20190427074402-c2164c9e194c/go.mod h1:CyhbQCOE1KktIhrolqimsL9EAgBF9BsWYjnc3hRG5r0=
github.com/hpcloud/tail v1.0.0 h1:nfCOvKYfkgYP8hkirhJocXT2+zOD8yUNjXaWfTlyFKI=
github.com/hpcloud/tail v1.0.0/go.mod h1:ab1qPbhIpdTxEkNHXyeSf5vhxWSCs/tWer42PpOxQnU=
github.com/huandu/facebook v2.3.1+incompatible h1:+F6kUqKx5TifzMg2fXYZFdA/3VVNphdNK8G4PF2ui74=
github.com/huandu/facebook v2.3.1+incompatible/go.mod h1:wJogp9rhXUUjDuhx6ZaR5Eylx3dsJmy0zyFRaPYUq5g=
github.com/jacobsa/go-serial v0.0.0-20180131005756-15cf729a72d4 h1:G2ztCwXov8mRvP0ZfjE6nAlaCX2XbykaeHdbT6KwDz0=
github.com/jacobsa/go-serial v0.0.0-20180131005756-15cf729a72d4/go.mod h1:2RvX5ZjVtsznNZPEt4xwJXNJrM3VTZoQf7V6gk0ysvs=
github.com/jayeshsolanki93/devgorant v0.0.0-20160810172004-69fb03e5c3b1 h1:+rPUGcMtKybxck9IKclxodfetCoCD2eSBEzPMZgc2ZA=
github.com/jayeshsolanki93/devgorant v0.0.0-20160810172004-69fb03e5c3b1/go.mod h1:C2TzmYXoz+ck9q8+lWXSkyba/l+eyKC39pw98R9MrhA=
github.com/jaytaylor/html2text v0.0.0-20190408195923-01ec452cbe43 h1:jTkyeF7NZ5oIr0ESmcrpiDgAfoidCBF4F5kJhjtaRwE=
github.com/jaytaylor/html2text v0.0.0-20190408195923-01ec452cbe43/go.mod h1:CVKlgaMiht+LXvHG173ujK6JUhZXKb2u/BQtjPDIvyk=
github.com/jpillora/backoff v1.0.0 h1:uvFg412JmmHBHw7iwprIxkPMI+sGQ4kzOWsMeHnm2EA=
github.com/jpillora/backoff v1.0.0/go.mod h1:J/6gKK9jxlEcS3zixgDgUAsiuZ7yrSoa/FX5e0EB2j4=
github.com/json-iterator/go v1.1.6 h1:MrUvLMLTMxbqFJ9kzlvat/rYZqZnW3u4wkLzWTaFwKs=
github.com/json-iterator/go v1.1.6/go.mod h1:+SdeFBvtyEkXs7REEP0seUULqWtbJapLOCVDaaPEHmU=
github.com/jtolds/gls v4.20.0+incompatible h1:xdiiI2gbIgH/gLH7ADydsJ1uDOEzR8yvV7C0MuV77Wo=
github.com/jtolds/gls v4.20.0+incompatible/go.mod h1:QJZ7F/aHp+rZTRtaJ1ow/lLfFfVYBRgL+9YlvaHOwJU=
github.com/kelvins/sunrisesunset v0.0.0-20170601204625-14f1915ad4b4 h1:8GEzGYjqXcb1PW2RFrkbsv7Gzq4v9ykbjy6lUc9nbnM=
github.com/kelvins/sunrisesunset v0.0.0-20170601204625-14f1915ad4b4/go.mod h1:3oZ7G+fb8Z8KF+KPHxeDO3GWpEjgvk/f+d/yaxmDRT4=
github.com/konsorten/go-windows-terminal-sequences v1.0.1/go.mod h1:T0+1ngSBFLxvqU3pZ+m/2kptfBszLMUkC4ZK/EgS/cQ=
github.com/konsorten/go-windows-terminal-sequences v1.0.2 h1:DB17ag19krx9CFsz4o3enTrPXyIXCl+2iCXH/aMAp9s=
github.com/konsorten/go-windows-terminal-sequences v1.0.2/go.mod h1:T0+1ngSBFLxvqU3pZ+m/2kptfBszLMUkC4ZK/EgS/cQ=
github.com/kr/pretty v0.1.0 h1:L/CwN0zerZDmRFUapSPitk6f+Q3+0za1rQkzVuMiMFI=
github.com/kr/pretty v0.1.0/go.mod h1:dAy3ld7l9f0ibDNOQOHHMYYIIbhfbHSm3C4ZsoJORNo=
github.com/kr/pty v1.1.1/go.mod h1:pFQYn66WHrOpPYNljwOMqo10TkYh1fy3cYio2l3bCsQ=
github.com/kr/text v0.1.0 h1:45sCR5RtlFHMR4UwH9sdQ5TC8v0qDQCHnXt+kaKSTVE=
github.com/kr/text v0.1.0/go.mod h1:4Jbv+DJW3UT/LiOwJeYQe1efqtUx/iVham/4vfdArNI=
github.com/kurrik/oauth1a v0.0.0-20151019171716-cb1b80e32dd4 h1:hGX8e8fDuWmCOQEneaHtuiqiy1NsBnZW2G6lxitngus=
github.com/kurrik/oauth1a v0.0.0-20151019171716-cb1b80e32dd4/go.mod h1:8buhLMuecANgNgxrsQynWlNt03oXr1B/v2xbuRSrnEc=
github.com/lucasb-eyer/go-colorful v1.0.2/go.mod h1:0MS4r+7BZKSJ5mw4/S5MPN+qHFF1fYclkSPilDOKW0s=
github.com/lucasb-eyer/go-colorful v1.0.3 h1:QIbQXiugsb+q10B+MI+7DI1oQLdmnep86tWFlaaUAac=
github.com/lucasb-eyer/go-colorful v1.0.3/go.mod h1:R4dSotOR9KMtayYi1e77YzuveK+i7ruzyGqttikkLy0=
github.com/mattn/go-colorable v0.1.1 h1:G1f5SKeVxmagw/IyvzvtZE4Gybcc4Tr1tf7I8z0XgOg=
github.com/mattn/go-colorable v0.1.1/go.mod h1:FuOcm+DKB9mbwrcAfNl7/TZVBZ6rcnceauSikq3lYCQ=
github.com/mattn/go-isatty v0.0.5/go.mod h1:Iq45c/XA43vh69/j3iqttzPXn0bhXyGjM0Hdxcsrc5s=
github.com/mattn/go-isatty v0.0.7 h1:UvyT9uN+3r7yLEYSlJsbQGdsaB/a0DlgWP3pql6iwOc=
github.com/mattn/go-isatty v0.0.7/go.mod h1:Iq45c/XA43vh69/j3iqttzPXn0bhXyGjM0Hdxcsrc5s=
github.com/mattn/go-mastodon v0.0.3 h1:FVp4vNXmeHhfvCSHTvfhCgrrC9UQzqx2dSisOzzjsJk=
github.com/mattn/go-mastodon v0.0.3/go.mod h1:/OSOSDJyV0OUlBuDV0Qrllizt3BJNj4Ir5xhckYRVmg=
github.com/mattn/go-runewidth v0.0.4 h1:2BvfKmzob6Bmd4YsL0zygOqfdFnK7GR4QL06Do4/p7Y=
github.com/mattn/go-runewidth v0.0.4/go.mod h1:LwmH8dsx7+W8Uxz3IHJYH5QSwggIsqBzpuz5H//U1FU=
github.com/mattn/go-xmpp v0.0.0-20190124093244-6093f50721ed h1:A1hEQg5M0b3Wg06pm3q/B0wdZsPjVQ/a2IgauQ8wCZo=
github.com/mattn/go-xmpp v0.0.0-20190124093244-6093f50721ed/go.mod h1:Cs5mF0OsrRRmhkyOod//ldNPOwJsrBvJ+1WRspv0xoc=
github.com/matttproud/golang_protobuf_extensions v1.0.1 h1:4hp9jkHxhMHkqkrB3Ix0jegS5sx/RkqARlsWZ6pIwiU=
github.com/matttproud/golang_protobuf_extensions v1.0.1/go.mod h1:D8He9yQNgCq6Z5Ld7szi9bcBfOoFv/3dc6xSMkL2PC0=
github.com/minio/minio-go v6.0.14+incompatible h1:fnV+GD28LeqdN6vT2XdGKW8Qe/IfjJDswNVuni6km9o=
github.com/minio/minio-go v6.0.14+incompatible/go.mod h1:7guKYtitv8dktvNUGrhzmNlA5wrAABTQXCoesZdFQO8=
github.com/mitchellh/go-homedir v1.1.0 h1:lukF9ziXFxDFPkA1vsr5zpc1XuPDn/wFntq5mG+4E0Y=
github.com/mitchellh/go-homedir v1.1.0/go.mod h1:SfyaCUpYCn1Vlf4IUYiD9fPX4A5wJrkLzIz1N1q0pr0=
github.com/modern-go/concurrent v0.0.0-20180306012644-bacd9c7ef1dd h1:TRLaZ9cD/w8PVh93nsPXa1VrQ6jlwL5oN8l14QlcNfg=
github.com/modern-go/concurrent v0.0.0-20180306012644-bacd9c7ef1dd/go.mod h1:6dJC0mAP4ikYIbvyc7fijjWJddQyLn8Ig3JB5CqoB9Q=
github.com/modern-go/reflect2 v1.0.1 h1:9f412s+6RmYXLWZSEzVVgPGK7C2PphHj5RJrvfx9AWI=
github.com/modern-go/reflect2 v1.0.1/go.mod h1:bx2lNnkwVCuqBIxFjflWJWanXIb3RllmbCylyMrvgv0=
github.com/mreiferson/go-httpclient v0.0.0-20160630210159-31f0106b4474 h1:oKIteTqeSpenyTrOVj5zkiyCaflLa8B+CD0324otT+o=
github.com/mreiferson/go-httpclient v0.0.0-20160630210159-31f0106b4474/go.mod h1:OQA4XLvDbMgS8P0CevmM4m9Q3Jq4phKUzcocxuGJ5m8=
github.com/mrexodia/wray v0.0.0-20160318003008-78a2c1f284ff h1:HLGD5/9UxxfEuO9DtP8gnTmNtMxbPyhYltfxsITel8g=
github.com/mrexodia/wray v0.0.0-20160318003008-78a2c1f284ff/go.mod h1:B8jLfIIPn2sKyWr0D7cL2v7tnrDD5z291s2Zypdu89E=
github.com/muesli/clusters v0.0.0-20180605185049-a07a36e67d36/go.mod h1:mw5KDqUj0eLj/6DUNINLVJNoPTFkEuGMHtJsXLviLkY=
github.com/muesli/clusters v0.0.0-20190807044042-ba9c57dd9228 h1:JNZ3Ev2fzCgkhtRp+OaKgCWy3ZXx4W0n4wmvNj6/jdU=
github.com/muesli/clusters v0.0.0-20190807044042-ba9c57dd9228/go.mod h1:mw5KDqUj0eLj/6DUNINLVJNoPTFkEuGMHtJsXLviLkY=
github.com/muesli/gamut v0.0.0-20190807050624-0d3f7d26a44e h1:039bFbhxSzy9DDVLPT36bz5hG3PG74Y8qrGMXea0iS8=
github.com/muesli/gamut v0.0.0-20190807050624-0d3f7d26a44e/go.mod h1:qOhbxUcDlplFAT1ULq47hrHOCw1CJoqvbsMeEu6/4mU=
github.com/muesli/go-app-paths v0.2.1 h1:Qi+2igkDX2aPqyRddp7P0sMQIBwBqhkfQfNcjdGjL6Y=
github.com/muesli/go-app-paths v0.2.1/go.mod h1:SxS3Umca63pcFcLtbjVb+J0oD7cl4ixQWoBKhGEtEho=
github.com/muesli/go-pkg-rss v0.0.0-20180307042412-3bef0f3126ec h1:HyAZt1/sm0/stsv+GxzMr1QDYqwXIQS0aFCViIsx6E0=
github.com/muesli/go-pkg-rss v0.0.0-20180307042412-3bef0f3126ec/go.mod h1:asRQ3kBaWU1Dtidbg30iByH0cWAE9ZzVBHbozpVBtCM=
github.com/muesli/go-pkg-xmlx v0.0.0-20151201012946-76f54ee73233 h1:BpRRQx7DiGCvj3G9ioAnzesXNaF+TXZO1Y7Za1GzC9A=
github.com/muesli/go-pkg-xmlx v0.0.0-20151201012946-76f54ee73233/go.mod h1:fuQ3qbkN+TpT4HAUW6IoYwf5qJHU/Mac+jPoTMb1i/4=
github.com/muesli/go.hue v0.0.0-20140802040715-8aefcc693caf h1:LxZj9OgYtTw5bQWoHaBuCSc+bLKuWq0khkGyfbBvALQ=
github.com/muesli/go.hue v0.0.0-20140802040715-8aefcc693caf/go.mod h1:kbCdPkiPQGNQW+m9a1XHIrOCT4/FtfpqBF2bVkwZjMg=
github.com/muesli/goefa v0.0.0-20180507204150-08d8ee2555d2 h1:A0yDQZg4PVcBvzH9IYGydylu0ytfiTK8LaHOH5eJrLY=
github.com/muesli/goefa v0.0.0-20180507204150-08d8ee2555d2/go.mod h1:cbhVWIL28EF8sTH71/qsU+TeEEmYC33MES0J7Ul0TFI=
github.com/muesli/gominatim v0.1.1-0.20200501135808-f6af22631c72 h1:8Fq6qkEpVNhDM8wKRE5vYfKeasp6dZKfpNWcD+c+5Pw=
github.com/muesli/gominatim v0.1.1-0.20200501135808-f6af22631c72/go.mod h1:4/L0h2Z155HXvPTnRdks5EQr16e2yH1EM2lGReeQCwg=
github.com/muesli/kmeans v0.0.0-20190917235210-80dfc71e6c5a h1:TfqSfRTR/uTo2h3AfuXaeWm+a6DH7mYSlfQkNhxnxUk=
github.com/muesli/kmeans v0.0.0-20190917235210-80dfc71e6c5a/go.mod h1:DchXqcxIXcInFMlUlAAcmjNYiDEPoIQQdDxlWlELyxM=
github.com/muesli/smolder v0.0.0-20190505085143-9c21fc7135ee h1:owp+45s+e2xN1fFUHIld1X+2ZtHSUjXKkgEr7iwq7u8=
github.com/muesli/smolder v0.0.0-20190505085143-9c21fc7135ee/go.mod h1:vBtOJlVGxLheofBQdKVQGaG40aJQUwr6Lh4PVliqebY=
github.com/nicklaw5/helix v0.5.7 h1:DvNyoKkuLYrqZv5/yugL18Ud99UeQoXzzAsg4OwU8uY=
github.com/nicklaw5/helix v0.5.7/go.mod h1:nRcok4VLg8ONQYW/iXBZ24wcfiJjTlDbhgk0ZatOrUY=
github.com/nlopes/slack v0.6.0 h1:jt0jxVQGhssx1Ib7naAOZEZcGdtIhTzkP0nopK0AsRA=
github.com/nlopes/slack v0.6.0/go.mod h1:JzQ9m3PMAqcpeCam7UaHSuBuupz7CmpjehYMayT6YOk=
github.com/nu7hatch/gouuid v0.0.0-20131221200532-179d4d0c4d8d h1:VhgPp6v9qf9Agr/56bj7Y/xa04UccTW04VP0Qed4vnQ=
github.com/nu7hatch/gouuid v0.0.0-20131221200532-179d4d0c4d8d/go.mod h1:YUTz3bUH2ZwIWBy3CJBeOBEugqcmXREj14T+iG/4k4U=
github.com/odwrtw/transmission v0.0.0-20170515140915-08885b3058e7 h1:NZz8yuBWWG4o3EGdoMap4o+JPKLBhqeSQ7nTfX6XPos=
github.com/odwrtw/transmission v0.0.0-20170515140915-08885b3058e7/go.mod h1:geyfqmhRrxMwbEo5RPwf5rw5vITQHHQlA7+azUQSIJM=
github.com/olekukonko/tablewriter v0.0.1 h1:b3iUnf1v+ppJiOfNX4yxxqfWKMQPZR5yoh8urCTFX88=
github.com/olekukonko/tablewriter v0.0.1/go.mod h1:vsDQFd/mU46D+Z4whnwzcISnGGzXWMclvtLoiIKAKIo=
github.com/onsi/ginkgo v1.6.0/go.mod h1:lLunBs/Ym6LB5Z9jYTR76FiuTmxDTDusOGeTQH+WWjE=
github.com/onsi/ginkgo v1.12.0 h1:Iw5WCbBcaAAd0fpRb1c9r5YCylv4XDoCSigm1zLevwU=
github.com/onsi/ginkgo v1.12.0/go.mod h1:oUhWkIvk5aDxtKvDDuw8gItl8pKl42LzjC9KZE0HfGg=
github.com/onsi/gomega v1.7.1/go.mod h1:XdKZgCCFLUoM/7CFJVPcG8C1xQ1AJ0vpAezJrB7JYyY=
github.com/onsi/gomega v1.9.0 h1:R1uwffexN6Pr340GtYRIdZmAiN4J+iw6WG4wog1DUXg=
github.com/onsi/gomega v1.9.0/go.mod h1:Ho0h+IUsWyvy1OpqCwxlQ/21gkhVunqlU8fDGcoTdcA=
github.com/pkg/errors v0.8.0/go.mod h1:bwawxfHBFNV+L2hUp1rHADufV3IMtnDRdf1r5NINEl0=
github.com/pkg/errors v0.8.1 h1:iURUrRGxPUNPdy5/HRSm+Yj6okJ6UtLINN0Q9M4+h3I=
github.com/pkg/errors v0.8.1/go.mod h1:bwawxfHBFNV+L2hUp1rHADufV3IMtnDRdf1r5NINEl0=
github.com/pmezard/go-difflib v1.0.0 h1:4DBwDE0NGyQoBHbLQYPwSUPoCMWR5BEzIk/f1lZbAQM=
github.com/pmezard/go-difflib v1.0.0/go.mod h1:iKH77koFhYxTK1pcRnkKkqfTogsbg7gZNVY4sRDYZ/4=
github.com/prometheus/client_golang v0.9.2 h1:awm861/B8OKDd2I/6o1dy3ra4BamzKhYOiGItCeZ740=
github.com/prometheus/client_golang v0.9.2/go.mod h1:OsXs2jCmiKlQ1lTBmv21f2mNfw4xf/QclQDMrYNZzcM=
github.com/prometheus/client_model v0.0.0-20180712105110-5c3871d89910 h1:idejC8f05m9MGOsuEi1ATq9shN03HrxNkD/luQvxCv8=
github.com/prometheus/client_model v0.0.0-20180712105110-5c3871d89910/go.mod h1:MbSGuTsp3dbXC40dX6PRTWyKYBIrTGTE9sqQNg2J8bo=
github.com/prometheus/common v0.0.0-20181126121408-4724e9255275 h1:PnBWHBf+6L0jOqq0gIVUe6Yk0/QMZ640k6NvkxcBf+8=
github.com/prometheus/common v0.0.0-20181126121408-4724e9255275/go.mod h1:daVV7qP5qjZbuso7PdcryaAu0sAZbrN9i7WWcTMWvro=
github.com/prometheus/procfs v0.0.0-20181204211112-1dc9a6cbc91a h1:9a8MnZMP0X2nLJdBg+pBmGgkJlSaKC2KaQmTCk1XDtE=
github.com/prometheus/procfs v0.0.0-20181204211112-1dc9a6cbc91a/go.mod h1:c3At6R/oaqEKCNdg8wHV1ftS6bRYblBhIjjI8uT2IGk=
github.com/rdegges/go-ipify v0.0.0-20150526035502-2d94a6a86c40 h1:31Y7UZ1yTYBU4E79CE52I/1IRi3TqiuwquXGNtZDXWs=
github.com/rdegges/go-ipify v0.0.0-20150526035502-2d94a6a86c40/go.mod h1:j4c6zEU0eMG1oiZPUy+zD4ykX0NIpjZAEOEAviTWC18=
github.com/robfig/cron/v3 v3.0.1 h1:WdRxkvbJztn8LMz/QEvLN5sBU+xKpSqwwUO1Pjr4qDs=
github.com/robfig/cron/v3 v3.0.1/go.mod h1:eQICP3HwyT7UooqI/z+Ov+PtYAWygg1TEWWzGIFLtro=
github.com/rogpeppe/go-charset v0.0.0-20180617210344-2471d30d28b4 h1:BN/Nyn2nWMoqGRA7G7paDNDqTXE30mXGqzzybrfo05w=
github.com/rogpeppe/go-charset v0.0.0-20180617210344-2471d30d28b4/go.mod h1:qgYeAmZ5ZIpBWTGllZSQnw97Dj+woV0toclVaRGI8pc=
github.com/russross/blackfriday/v2 v2.0.1/go.mod h1:+Rmxgy9KzJVeS9/2gXHxylqXiyQDYRxCVz55jmeOWTM=
github.com/shuheiktgw/go-travis v0.1.10-0.20190502100712-2d0b3e9898f0 h1:+VL5INItDu3Gf4Wak1XZRgsmSTI482GzkTc7Rf2DjI8=
github.com/shuheiktgw/go-travis v0.1.10-0.20190502100712-2d0b3e9898f0/go.mod h1:QJJOek1pLVgh75HK4mUDw99bME0MIyam8+fH6Ebnjq4=
github.com/shurcooL/sanitized_anchor_name v1.0.0/go.mod h1:1NzhyTcUVG4SuEtjjoZeVRXNmyL/1OwPU0+IJeTBvfc=
github.com/simplepush/simplepush-go v0.0.0-20170307205831-8980e96b7b02 h1:1wFJqw2JrDwoJRJmq/NtlZHRRUGTt7W9uHbWjJ6X2bE=
github.com/simplepush/simplepush-go v0.0.0-20170307205831-8980e96b7b02/go.mod h1:3SZdv/t76bM6vmmSa251/VnQMn9S8gRuZcRFy2Ack9A=
github.com/simplereach/timeutils v1.2.0 h1:btgOAlu9RW6de2r2qQiONhjgxdAG7BL6je0G6J/yPnA=
github.com/simplereach/timeutils v1.2.0/go.mod h1:VVbQDfN/FHRZa1LSqcwo4kNZ62OOyqLLGQKYB3pB0Q8=
github.com/sirupsen/logrus v1.4.1 h1:GL2rEmy6nsikmW0r8opw9JIRScdMF5hA8cOYLH7In1k=
github.com/sirupsen/logrus v1.4.1/go.mod h1:ni0Sbl8bgC9z8RoU9G6nDWqqs/fq4eDPysMBDgk/93Q=
github.com/smartystreets/assertions v0.0.0-20180927180507-b2de0cb4f26d h1:zE9ykElWQ6/NYmHa3jpm/yHnI4xSofP+UP6SpjHcSeM=
github.com/smartystreets/assertions v0.0.0-20180927180507-b2de0cb4f26d/go.mod h1:OnSkiWE9lh6wB0YB77sQom3nweQdgAjqCqsofrRNTgc=
github.com/smartystreets/assertions v0.0.0-20190401211740-f487f9de1cd3 h1:hBSHahWMEgzwRyS6dRpxY0XyjZsHyQ61s084wo5PJe0=
github.com/smartystreets/assertions v0.0.0-20190401211740-f487f9de1cd3/go.mod h1:OnSkiWE9lh6wB0YB77sQom3nweQdgAjqCqsofrRNTgc=
github.com/smartystreets/goconvey v0.0.0-20190330032615-68dc04aab96a h1:pa8hGb/2YqsZKovtsgrwcDH1RZhVbTKCjLp47XpqCDs=
github.com/smartystreets/goconvey v0.0.0-20190330032615-68dc04aab96a/go.mod h1:syvi0/a8iFYH4r/RixwvyeAJjdLS9QV7WQ/tjFTllLA=
github.com/sromku/go-gitter v0.0.0-20170828210750-70f7030a94a6 h1:7AV47xvYbuwoNxR9LDhkRwqzZsySCX5H8WVM4zrDmME=
github.com/sromku/go-gitter v0.0.0-20170828210750-70f7030a94a6/go.mod h1:P2BoF5QlNE1UcKtYKP8xa8B9I5eALYU5JpRdCqLddL4=
github.com/ssor/bom v0.0.0-20170718123548-6386211fdfcf h1:pvbZ0lM0XWPBqUKqFU8cmavspvIl9nulOYwdy6IFRRo=
github.com/ssor/bom v0.0.0-20170718123548-6386211fdfcf/go.mod h1:RJID2RhlZKId02nZ62WenDCkgHFerpIOmW0iT7GKmXM=
github.com/stretchr/objx v0.1.0 h1:4G4v2dO3VZwixGIRoQ5Lfboy6nUhCyYzaqnIAPPhYs4=
github.com/stretchr/objx v0.1.0/go.mod h1:HFkY916IF+rwdDfMAkV7OtwuqBVzrE8GR6GFx+wExME=
github.com/stretchr/objx v0.1.1/go.mod h1:HFkY916IF+rwdDfMAkV7OtwuqBVzrE8GR6GFx+wExME=
github.com/stretchr/objx v0.2.0 h1:Hbg2NidpLE8veEBkEZTL3CvlkUIVzuU9jDplZO54c48=
github.com/stretchr/objx v0.2.0/go.mod h1:qt09Ya8vawLte6SNmTgCsAVtYtaKzEcn8ATUoHMkEqE=
github.com/stretchr/testify v1.2.2/go.mod h1:a8OnRcib4nhh0OaRAV+Yts87kKdq0PP7pXfy6kDkUVs=
github.com/stretchr/testify v1.3.0 h1:TivCn/peBQ7UY8ooIcPgZFpTNSz0Q2U6UrFlUfqbe0Q=
github.com/stretchr/testify v1.3.0/go.mod h1:M5WIy9Dh21IEIfnGCwXGc5bZfKNJtfHm1UVUgZn+9EI=
github.com/stretchr/testify v1.4.0 h1:2E4SXV/wtOkTonXsotYi4li6zVWxYlZuYNCXe9XRJyk=
github.com/stretchr/testify v1.4.0/go.mod h1:j7eGeouHqKxXV5pUuKE4zz7dFj8WfuZ+81PSLYec5m4=
github.com/technoweenie/multipartstreamer v1.0.1 h1:XRztA5MXiR1TIRHxH2uNxXxaIkKQDeX7m2XsSOlQEnM=
github.com/technoweenie/multipartstreamer v1.0.1/go.mod h1:jNVxdtShOxzAsukZwTSw6MDx5eUJoiEBsSvzDU9uzog=
github.com/tomnomnom/linkheader v0.0.0-20180905144013-02ca5825eb80 h1:nrZ3ySNYwJbSpD6ce9duiP+QkD3JuLCcWkdaehUS/3Y=
github.com/tomnomnom/linkheader v0.0.0-20180905144013-02ca5825eb80/go.mod h1:iFyPdL66DjUD96XmzVL3ZntbzcflLnznH0fr99w5VqE=
github.com/urfave/cli v1.22.1/go.mod h1:Gos4lmkARVdJ6EkW0WaNv/tZAAMe9V7XWyB60NtXRu0=
github.com/wcharczuk/go-chart v2.0.1+incompatible h1:0pz39ZAycJFF7ju/1mepnk26RLVLBCWz1STcD3doU0A=
github.com/wcharczuk/go-chart v2.0.1+incompatible/go.mod h1:PF5tmL4EIx/7Wf+hEkpCqYi5He4u90sw+0+6FhrryuE=
github.com/xrash/smetrics v0.0.0-20170218160415-a3153f7040e9 h1:w8V9v0qVympSF6GjdjIyeqR7+EVhAF9CBQmkmW7Zw0w=
github.com/xrash/smetrics v0.0.0-20170218160415-a3153f7040e9/go.mod h1:N3UwUGtsrSj3ccvlPHLoLsHnpR27oXr4ZE984MbSER8=
golang.org/x/crypto v0.0.0-20181030102418-4d3f4d9ffa16/go.mod h1:6SG95UA2DQfeDnfUPMdvaQW0Q7yPrPDi9nlGo2tz2b4=
golang.org/x/crypto v0.0.0-20190308221718-c2843e01d9a2 h1:VklqNMn3ovrHsnt90PveolxSbWFaJdECFbxSq0Mqo2M=
golang.org/x/crypto v0.0.0-20190308221718-c2843e01d9a2/go.mod h1:djNgcEr1/C05ACkg1iLfiJU5Ep61QUkGW8qpdssI0+w=
golang.org/x/crypto v0.0.0-20190426145343-a29dc8fdc734 h1:p/H982KKEjUnLJkM3tt/LemDnOc1GiZL5FCVlORJ5zo=
golang.org/x/crypto v0.0.0-20190426145343-a29dc8fdc734/go.mod h1:yigFU9vqHzYiE8UmvKecakEJjdnWj3jj499lnFckfCI=
golang.org/x/image v0.0.0-20190501045829-6d32002ffd75 h1:TbGuee8sSq15Iguxu4deQ7+Bqq/d2rsQejGcEtADAMQ=
golang.org/x/image v0.0.0-20190501045829-6d32002ffd75/go.mod h1:kZ7UVZpmo3dzQBMxlp+ypCbDeSB+sBbTgSJuh5dn5js=
golang.org/x/net v0.0.0-20180218175443-cbe0f9307d01/go.mod h1:mL1N/T3taQHkDXs73rZJwtUhF3w3ftmwwsq0BUmARs4=
golang.org/x/net v0.0.0-20180724234803-3673e40ba225/go.mod h1:mL1N/T3taQHkDXs73rZJwtUhF3w3ftmwwsq0BUmARs4=
golang.org/x/net v0.0.0-20180906233101-161cd47e91fd/go.mod h1:mL1N/T3taQHkDXs73rZJwtUhF3w3ftmwwsq0BUmARs4=
golang.org/x/net v0.0.0-20180926154720-4dfa2610cdf3/go.mod h1:mL1N/T3taQHkDXs73rZJwtUhF3w3ftmwwsq0BUmARs4=
golang.org/x/net v0.0.0-20181114220301-adae6a3d119a/go.mod h1:mL1N/T3taQHkDXs73rZJwtUhF3w3ftmwwsq0BUmARs4=
golang.org/x/net v0.0.0-20181201002055-351d144fa1fc/go.mod h1:mL1N/T3taQHkDXs73rZJwtUhF3w3ftmwwsq0BUmARs4=
golang.org/x/net v0.0.0-20190108225652-1e06a53dbb7e/go.mod h1:mL1N/T3taQHkDXs73rZJwtUhF3w3ftmwwsq0BUmARs4=
golang.org/x/net v0.0.0-20190311183353-d8887717615a/go.mod h1:t9HGtf8HONx5eT2rtn7q6eTqICYqUVnKs3thJo3Qplg=
golang.org/x/net v0.0.0-20190404232315-eb5bcb51f2a3/go.mod h1:t9HGtf8HONx5eT2rtn7q6eTqICYqUVnKs3thJo3Qplg=
golang.org/x/net v0.0.0-20191014212845-da9a3fd4c582 h1:p9xBe/w/OzkeYVKm234g55gMdD1nSIooTir5kV11kfA=
golang.org/x/net v0.0.0-20191014212845-da9a3fd4c582/go.mod h1:z5CRVTTTmAJ677TzLLGU+0bjPO0LkuOLi4/5GtJWs/s=
golang.org/x/oauth2 v0.0.0-20190402181905-9f3314589c9a h1:tImsplftrFpALCYumobsd0K86vlAs/eXGFms2txfJfA=
golang.org/x/oauth2 v0.0.0-20190402181905-9f3314589c9a/go.mod h1:gOpvHmFTYa4IltrdGE7lF6nIHvwfUNPOp7c8zoXwtLw=
golang.org/x/sync v0.0.0-20180314180146-1d60e4601c6f/go.mod h1:RxMgew5VJxzue5/jJTE5uejpjVlOe/izrB70Jof72aM=
golang.org/x/sync v0.0.0-20181108010431-42b317875d0f/go.mod h1:RxMgew5VJxzue5/jJTE5uejpjVlOe/izrB70Jof72aM=
golang.org/x/sync v0.0.0-20181221193216-37e7f081c4d4/go.mod h1:RxMgew5VJxzue5/jJTE5uejpjVlOe/izrB70Jof72aM=
golang.org/x/sys v0.0.0-20180905080454-ebe1bf3edb33/go.mod h1:STP8DvDyc/dI5b8T5hshtkjS+E42TnysNCUPdjciGhY=
golang.org/x/sys v0.0.0-20180909124046-d0be0721c37e/go.mod h1:STP8DvDyc/dI5b8T5hshtkjS+E42TnysNCUPdjciGhY=
golang.org/x/sys v0.0.0-20190215142949-d0b11bdaac8a h1:1BGLXjeY4akVXGgbC9HugT3Jv3hCI0z56oJR5vAMgBU=
golang.org/x/sys v0.0.0-20190215142949-d0b11bdaac8a/go.mod h1:STP8DvDyc/dI5b8T5hshtkjS+E42TnysNCUPdjciGhY=
golang.org/x/sys v0.0.0-20190222072716-a9d3bda3a223/go.mod h1:STP8DvDyc/dI5b8T5hshtkjS+E42TnysNCUPdjciGhY=
golang.org/x/sys v0.0.0-20190412213103-97732733099d/go.mod h1:h1NjWce9XRLGQEsW7wpKNCjG9DtNlClVuFLEZdDNbEs=
golang.org/x/sys v0.0.0-20191120155948-bd437916bb0e h1:N7DeIrjYszNmSW409R3frPPwglRwMkXSBzwVbkOjLLA=
golang.org/x/sys v0.0.0-20191120155948-bd437916bb0e/go.mod h1:h1NjWce9XRLGQEsW7wpKNCjG9DtNlClVuFLEZdDNbEs=
golang.org/x/text v0.3.0 h1:g61tztE5qeGQ89tm6NTjjM9VPIm088od1l6aSorWRWg=
golang.org/x/text v0.3.0/go.mod h1:NqM8EUOU14njkJ3fqMW+pc6Ldnwhi/IjpwHt7yyuwOQ=
golang.org/x/text v0.3.2 h1:tW2bmiBqwgJj/UpqtC8EpXEZVYOwU0yG4iWbprSVAcs=
golang.org/x/text v0.3.2/go.mod h1:bEr9sfX3Q8Zfm5fL9x+3itogRgK3+ptLWKqgva+5dAk=
golang.org/x/time v0.0.0-20190921001708-c4c64cad1fd0 h1:xQwXv67TxFo9nC1GJFyab5eq/5B590r6RlnL/G8Sz7w=
golang.org/x/time v0.0.0-20190921001708-c4c64cad1fd0/go.mod h1:tRJNPiyCQ0inRvYxbN9jk5I+vvW/OXSQhTDSoE431IQ=
golang.org/x/tools v0.0.0-20180917221912-90fa682c2a6e/go.mod h1:n7NCudcB/nEzxVGmLbDWY5pfWTLqBcC2KZ6jyYvM4mQ=
golang.org/x/tools v0.0.0-20190328211700-ab21143f2384/go.mod h1:LCzVGOaR6xXOjkQ3onu1FJEFr0SW1gC7cKk1uF8kGRs=
golang.org/x/xerrors v0.0.0-20190717185122-a985d3407aa7 h1:9zdDQZ7Thm29KFXgAX/+yaf3eVbP7djjWp/dXAppNCc=
golang.org/x/xerrors v0.0.0-20190717185122-a985d3407aa7/go.mod h1:I/5z698sn9Ka8TeJc9MKroUUfqBBauWjQqLJ2OPfmY0=
google.golang.org/appengine v1.4.0/go.mod h1:xpcJRLb0r/rnEns0DIKYYv+WjYCduHsrkT7/EB5XEv4=
google.golang.org/appengine v1.5.0 h1:KxkO13IPW4Lslp2bz+KHP2E3gtFlrIGNThxkZQ3g+4c=
google.golang.org/appengine v1.5.0/go.mod h1:xpcJRLb0r/rnEns0DIKYYv+WjYCduHsrkT7/EB5XEv4=
gopkg.in/alexcesaro/quotedprintable.v3 v3.0.0-20150716171945-2caba252f4dc h1:2gGKlE2+asNV9m7xrywl36YYNnBG5ZQ0r/BOOxqPpmk=
gopkg.in/alexcesaro/quotedprintable.v3 v3.0.0-20150716171945-2caba252f4dc/go.mod h1:m7x9LTH6d71AHyAX77c9yqWCCa3UKHcVEj9y7hAtKDk=
gopkg.in/check.v1 v0.0.0-20161208181325-20d25e280405/go.mod h1:Co6ibVJAznAaIkqp8huTwlJQCZ016jof/cbN4VW5Yz0=
gopkg.in/check.v1 v1.0.0-20180628173108-788fd7840127 h1:qIbj1fsPNlZgppZ+VLlY7N33q108Sa+fhmuc+sWQYwY=
gopkg.in/check.v1 v1.0.0-20180628173108-788fd7840127/go.mod h1:Co6ibVJAznAaIkqp8huTwlJQCZ016jof/cbN4VW5Yz0=
gopkg.in/fsnotify.v1 v1.4.7 h1:xOHLXZwVvI9hhs+cLKq5+I5onOuwQLhQwiu63xxlHs4=
gopkg.in/fsnotify.v1 v1.4.7/go.mod h1:Tz8NjZHkW78fSQdbUxIjBTcgA1z1m8ZHf0WmKUhAMys=
gopkg.in/ini.v1 v1.42.0 h1:7N3gPTt50s8GuLortA00n8AqRTk75qOP98+mTPpgzRk=
gopkg.in/ini.v1 v1.42.0/go.mod h1:pNLf8WUiyNEtQjuu5G5vTm06TEv9tsIgeAvK8hOrP4k=
gopkg.in/mail.v2 v2.3.1 h1:WYFn/oANrAGP2C0dcV6/pbkPzv8yGzqTjPmTeO7qoXk=
gopkg.in/mail.v2 v2.3.1/go.mod h1:htwXN1Qh09vZJ1NVKxQqHPBaCBbzKhp5GzuJEA4VJWw=
gopkg.in/mgo.v2 v2.0.0-20180705113604-9856a29383ce h1:xcEWjVhvbDy+nHP67nPDDpbYrY+ILlfndk4bRioVHaU=
gopkg.in/mgo.v2 v2.0.0-20180705113604-9856a29383ce/go.mod h1:yeKp02qBN3iKW1OzL3MGk2IdtZzaj7SFntXj72NppTA=
gopkg.in/tomb.v1 v1.0.0-20141024135613-dd632973f1e7 h1:uRGJdciOHaEIrze2W8Q3AKkepLTh2hOroT7a+7czfdQ=
gopkg.in/tomb.v1 v1.0.0-20141024135613-dd632973f1e7/go.mod h1:dt/ZhP58zS4L8KSrWDmTeBkI65Dw0HsyUHuEVlX15mw=
gopkg.in/yaml.v2 v2.2.2 h1:ZCJp+EgiOT7lHqUV2J862kp8Qj64Jo6az82+3Td9dZw=
gopkg.in/yaml.v2 v2.2.2/go.mod h1:hI93XBmqTisBFMUTm0b8Fm+jr3Dg1NNxqwp+5A1VGuI=
gopkg.in/yaml.v2 v2.2.4 h1:/eiJrUcujPVeJ3xlSWaiNi3uSVmDGBK1pDHUHAnao1I=
gopkg.in/yaml.v2 v2.2.4/go.mod h1:hI93XBmqTisBFMUTm0b8Fm+jr3Dg1NNxqwp+5A1VGuI=
gopkg.in/yaml.v2 v2.3.0 h1:clyUAQHOM3G0M3f5vQj7LuJrETvjVot3Z5el9nffUtU=
gopkg.in/yaml.v2 v2.3.0/go.mod h1:hI93XBmqTisBFMUTm0b8Fm+jr3Dg1NNxqwp+5A1VGuI=
jaytaylor.com/html2text v0.0.0-20200412013138-3577fbdbcff7 h1:mub0MmFLOn8XLikZOAhgLD1kXJq8jgftSrrv7m00xFo=
jaytaylor.com/html2text v0.0.0-20200412013138-3577fbdbcff7/go.mod h1:OxvTsCwKosqQ1q7B+8FwXqg4rKZ/UG9dUW+g/VL2xH4=
layeh.com/gumble v0.0.0-20180508205105-1ea1159c4956 h1:TaQ2ECrcAom2bkjRvOxhsUkD6l5iiCJ/++lHHZ42zII=
layeh.com/gumble v0.0.0-20180508205105-1ea1159c4956/go.mod h1:ZWnZxbDNsg1uFq6Zu7mRdCi7xechwiqWYsFdedd0GUc=
