# This file is autogenerated, do not edit; changes may be undone by the next 'dep ensure'.


[[projects]]
  name = "github.com/ChimeraCoder/anaconda"
  packages = ["."]
  revision = "9c68684170b980d5b4c2ed08fae9b530e659904d"
  version = "v2.0.0"

[[projects]]
  branch = "master"
  name = "github.com/ChimeraCoder/tokenbucket"
  packages = ["."]
  revision = "c5a927568de7aad8a58127d80bcd36ca4e71e454"

[[projects]]
  branch = "master"
  name = "github.com/CleverbotIO/go-cleverbot.io"
  packages = ["."]
  revision = "d24926702e8da9eab3a8dbd0823c1cecd3a80344"

[[projects]]
  branch = "master"
  name = "github.com/MariaTerzieva/gotumblr"
  packages = ["."]
  revision = "93ca5e50a3fd2dfb6ed1613853520ba624bbbc64"

[[projects]]
  branch = "master"
  name = "github.com/Profpatsch/GoOse"
  packages = ["."]
  revision = "da5de31b9bd216a162b56e8ce4f04f926d8c0289"

[[projects]]
  name = "github.com/PuerkitoBio/goquery"
  packages = ["."]
  revision = "09540e565986583836b5fc792fe951ec5fd201dd"
  version = "v1.3.0"

[[projects]]
  branch = "master"
  name = "github.com/advancedlogic/goquery"
  packages = ["."]
  revision = "aeb03ad57afc3c00f7c2422504d3bbd58e2326b4"

[[projects]]
  branch = "master"
  name = "github.com/akashshinde/go_cricket"
  packages = ["."]
  revision = "01a06b2c3f227c6e8d625a07b66f9aa435b446af"

[[projects]]
  name = "github.com/andybalholm/cascadia"
  packages = ["."]
  revision = "901648c87902174f774fac311d7f176f8647bdaa"
  version = "v1.0.0"

[[projects]]
  branch = "master"
  name = "github.com/azr/backoff"
  packages = ["."]
  revision = "53511d3c733003985b0b76f733df1f4d0095ee6a"

[[projects]]
  branch = "master"
  name = "github.com/bjarneh/latinx"
  packages = ["."]
  revision = "4dfe9ba2a293f28a5e06fc7ffe56b1d71a47b8c8"

[[projects]]
  name = "github.com/briandowns/openweathermap"
  packages = ["."]
  revision = "64ca52ee34ca6bb5fe925fe1d88172429536bbca"
  version = "0.9"

[[projects]]
  name = "github.com/carlosdp/twiliogo"
  packages = ["."]
  revision = "f61c8230fa91b87ca5c16a21a661861208749dfe"
  version = "v0.1"

[[projects]]
  name = "github.com/davecgh/go-spew"
  packages = ["spew"]
  revision = "346938d642f2ec3594ed81d874461961cd0faa76"
  version = "v1.1.0"

[[projects]]
  branch = "master"
  name = "github.com/deckarep/gosx-notifier"
  packages = ["."]
  revision = "e127226297fb751aa3b582db5e92361fcbfc5a6c"

[[projects]]
  branch = "master"
  name = "github.com/dustin/go-humanize"
  packages = ["."]
  revision = "bb3d318650d48840a39aa21a027c6630e198e626"

[[projects]]
  branch = "master"
  name = "github.com/dustin/go-jsonpointer"
  packages = ["."]
  revision = "ba0abeacc3dcca5b9b20f31509c46794edbc9965"

[[projects]]
  branch = "master"
  name = "github.com/dustin/gojson"
  packages = ["."]
  revision = "2e71ec9dd5adce3b168cd0dbde03b5cc04951c30"

[[projects]]
  name = "github.com/emicklei/go-restful"
  packages = [
    ".",
    "log"
  ]
  revision = "26b41036311f2da8242db402557a0dbd09dc83da"
  version = "v2.6.0"

[[projects]]
  branch = "master"
  name = "github.com/fluffle/goirc"
  packages = [
    "client",
    "logging",
    "state"
  ]
  revision = "fc1dfa1ceb8897bcaa5231b560b9319591d4ab0a"

[[projects]]
  name = "github.com/fsnotify/fsnotify"
  packages = ["."]
  revision = "c2828203cd70a50dcccfb2761f8b1f8ceef9a8e9"
  version = "v1.4.7"

[[projects]]
  branch = "master"
  name = "github.com/garyburd/go-oauth"
  packages = ["oauth"]
  revision = "4cff9ef7b7003713efa191899dbaab8fa75e3e73"

[[projects]]
  branch = "master"
  name = "github.com/glaxx/go_pastebin"
  packages = ["."]
  revision = "7e72d56770d0bd0c46a5ddea914202f14ab1e8a8"

[[projects]]
  name = "github.com/go-ini/ini"
  packages = ["."]
  revision = "32e4c1e6bc4e7d0d8451aa6b75200d19e37a536a"
  version = "v1.32.0"

[[projects]]
  name = "github.com/go-mail/mail"
  packages = ["."]
  revision = "63235f23494bf20d713a585bce40b2a0675c2f77"
  version = "2.2.0"

[[projects]]
  name = "github.com/go-telegram-bot-api/telegram-bot-api"
  packages = ["."]
  revision = "2022d04b94f50056a09962b1ac81cdd821d20a55"
  version = "v4.6.1"

[[projects]]
  name = "github.com/golang/mock"
  packages = ["gomock"]
  revision = "13f360950a79f5864a972c786a10a50e44b69541"
  version = "v1.0.0"

[[projects]]
  name = "github.com/golang/protobuf"
  packages = ["proto"]
  revision = "925541529c1fa6821df4e44ce2723319eb2be768"
  version = "v1.0.0"

[[projects]]
  name = "github.com/google/go-github"
  packages = ["github"]
  revision = "e48060a28fac52d0f1cb758bc8b87c07bac4a87d"
  version = "v15.0.0"

[[projects]]
  branch = "master"
  name = "github.com/google/go-querystring"
  packages = ["query"]
  revision = "53e6ce116135b80d037921a7fdd5138cf32d7a8a"

[[projects]]
  name = "github.com/gorilla/websocket"
  packages = ["."]
  revision = "ea4d1f681babbce9545c9c5f3d5194a789c89f5b"
  version = "v1.2.0"

[[projects]]
  branch = "master"
  name = "github.com/guelfey/go.dbus"
  packages = ["."]
  revision = "f6a3a2366cc39b8479cadc499d3c735fb10fbdda"

[[projects]]
  name = "github.com/huandu/facebook"
  packages = ["."]
  revision = "fbcfa67561723eccdeb05fde84ef1c2eb80fe284"
  version = "v2.1.2"

[[projects]]
  branch = "master"
  name = "github.com/huin/goserial"
  packages = ["."]
  revision = "7b90efdb22b1c168a57b998b2780cf541b2c4740"

[[projects]]
  branch = "master"
  name = "github.com/jayeshsolanki93/devgorant"
  packages = ["."]
  revision = "69fb03e5c3b1da904aacf77240e04d85dd8e1c3c"

[[projects]]
  branch = "master"
  name = "github.com/kr/pretty"
  packages = ["."]
  revision = "cfb55aafdaf3ec08f0db22699ab822c50091b1c4"

[[projects]]
  branch = "master"
  name = "github.com/kr/text"
  packages = ["."]
  revision = "7cafcd837844e784b526369c9bce262804aebc60"

[[projects]]
  branch = "master"
  name = "github.com/kurrik/oauth1a"
  packages = ["."]
  revision = "cb1b80e32dd4385099f8d09312e4bcf6bdc993ec"

[[projects]]
  name = "github.com/mattn/go-colorable"
  packages = ["."]
  revision = "167de6bfdfba052fa6b2d3664c8f5272e23c9072"
  version = "v0.0.9"

[[projects]]
  name = "github.com/mattn/go-isatty"
  packages = ["."]
  revision = "0360b2af4f38e8d38c7fce2a9f4e702702d73a39"
  version = "v0.0.3"

[[projects]]
  branch = "master"
  name = "github.com/mattn/go-xmpp"
  packages = ["."]
  revision = "7ec2b8b7def69491528689aeb58253e9421a4b73"

[[projects]]
  name = "github.com/minio/minio-go"
  packages = [
    ".",
    "pkg/credentials",
    "pkg/encrypt",
    "pkg/policy",
    "pkg/s3signer",
    "pkg/s3utils",
    "pkg/set"
  ]
  revision = "c645fb54e4d1f75680ccd4035228f004ae0f55cb"
  version = "4.0.8"

[[projects]]
  branch = "master"
  name = "github.com/mitchellh/go-homedir"
  packages = ["."]
  revision = "b8bc1bf767474819792c23f32d8286a45736f1c6"

[[projects]]
  branch = "master"
  name = "github.com/mreiferson/go-httpclient"
  packages = ["."]
  revision = "31f0106b4474f14bc441575c19d3a5fa21aa1f6c"

[[projects]]
  branch = "master"
  name = "github.com/mrexodia/wray"
  packages = ["."]
  revision = "78a2c1f284ffe6ada7e2dfbd97c644e0d0f23fea"

[[projects]]
  branch = "master"
  name = "github.com/muesli/go-pkg-rss"
  packages = ["."]
  revision = "3bef0f3126ec55beed69608df4ca3f36a3b16b97"

[[projects]]
  branch = "master"
  name = "github.com/muesli/go-pkg-xmlx"
  packages = ["."]
  revision = "76f54ee73233b171ca9ee82ef837a1fc4d3809c0"

[[projects]]
  branch = "master"
  name = "github.com/muesli/go.hue"
  packages = ["."]
  revision = "8aefcc693cafb5b2b4ef8ca8d51ab880849e8c12"

[[projects]]
  branch = "master"
  name = "github.com/muesli/goefa"
  packages = ["."]
  revision = "ae75724b451018bb0499df7cccc182cbff6fdfbe"

[[projects]]
  branch = "master"
  name = "github.com/muesli/smolder"
  packages = ["."]
  revision = "e6752d792454819bc63dec1a7a6f04bd7d539c7c"

[[projects]]
  name = "github.com/nlopes/slack"
  packages = ["."]
  revision = "8ab4d0b364ef1e9af5d102531da20d5ec902b6c4"
  version = "v0.2.0"

[[projects]]
  branch = "master"
  name = "github.com/nu7hatch/gouuid"
  packages = ["."]
  revision = "179d4d0c4d8d407a32af483c2354df1d2c91e6c3"

[[projects]]
  branch = "master"
  name = "github.com/odwrtw/transmission"
  packages = ["."]
  revision = "08885b3058e730d49a9217efbe9fb1061fa86388"

[[projects]]
  name = "github.com/pmezard/go-difflib"
  packages = ["difflib"]
  revision = "792786c7400a136282c1664665ae0a8db921c6c2"
  version = "v1.0.0"

[[projects]]
  branch = "master"
  name = "github.com/rogpeppe/go-charset"
  packages = [
    "charset",
    "data"
  ]
  revision = "e9ff06f347d3f5d0013d59ed83754f0e88de10d4"

[[projects]]
  name = "github.com/simplepush/simplepush-go"
  packages = ["."]
  revision = "9b5259670030f6b85979c107c6ad5bae27145c17"
  version = "v0.2"

[[projects]]
  name = "github.com/sirupsen/logrus"
  packages = ["."]
  revision = "d682213848ed68c0a260ca37d6dd5ace8423f5ba"
  version = "v1.0.4"

[[projects]]
  branch = "master"
  name = "github.com/sromku/go-gitter"
  packages = ["."]
  revision = "70f7030a94a69752dd80a9cd630aee0d36628c89"

[[projects]]
  name = "github.com/stretchr/objx"
  packages = ["."]
  revision = "facf9a85c22f48d2f52f2380e4efce1768749a89"
  version = "v0.1"

[[projects]]
  name = "github.com/stretchr/testify"
  packages = [
    "assert",
    "mock"
  ]
  revision = "12b6f73e6084dad08a7c6e575284b177ecafbc71"
  version = "v1.2.1"

[[projects]]
  name = "github.com/technoweenie/multipartstreamer"
  packages = ["."]
  revision = "a90a01d73ae432e2611d178c18367fbaa13e0154"
  version = "v1.0.1"

[[projects]]
  branch = "master"
  name = "golang.org/x/crypto"
  packages = ["ssh/terminal"]
  revision = "91a49db82a88618983a78a06c1cbd4e00ab749ab"

[[projects]]
  branch = "master"
  name = "golang.org/x/net"
  packages = [
    "context",
    "context/ctxhttp",
    "html",
    "html/atom",
    "idna",
    "lex/httplex",
    "proxy"
  ]
  revision = "d25186b37f34ebdbbea8f488ef055638dfab272d"

[[projects]]
  branch = "master"
  name = "golang.org/x/oauth2"
  packages = [
    ".",
    "facebook",
    "internal"
  ]
  revision = "2f32c3ac0fa4fb807a0fcefb0b6f2468a0d99bd0"

[[projects]]
  branch = "master"
  name = "golang.org/x/sys"
  packages = [
    "unix",
    "windows"
  ]
  revision = "dd2ff4accc098aceecb86b36eaa7829b2a17b1c9"

[[projects]]
  name = "golang.org/x/text"
  packages = [
    "collate",
    "collate/build",
    "internal/colltab",
    "internal/gen",
    "internal/tag",
    "internal/triegen",
    "internal/ucd",
    "language",
    "secure/bidirule",
    "transform",
    "unicode/bidi",
    "unicode/cldr",
    "unicode/norm",
    "unicode/rangetable"
  ]
  revision = "f21a4dfb5e38f5895301dc265a8def02365cc3d0"
  version = "v0.3.0"

[[projects]]
  name = "google.golang.org/appengine"
  packages = [
    "internal",
    "internal/base",
    "internal/datastore",
    "internal/log",
    "internal/remote_api",
    "internal/urlfetch",
    "urlfetch"
  ]
  revision = "150dc57a1b433e64154302bdc40b6bb8aefa313a"
  version = "v1.0.0"

[[projects]]
  branch = "v3"
  name = "gopkg.in/alexcesaro/quotedprintable.v3"
  packages = ["."]
  revision = "2caba252f4dc53eaf6b553000885530023f54623"

[[projects]]
  name = "gopkg.in/fatih/set.v0"
  packages = ["."]
  revision = "57907de300222151a123d29255ed17f5ed43fad3"
  version = "v0.1.0"

[[projects]]
  branch = "master"
  name = "layeh.com/gumble"
  packages = [
    "gumble",
    "gumble/MumbleProto",
    "gumble/varint",
    "gumbleutil"
  ]
  revision = "127dae0a3703aef48c9a02156356cc824bb9b111"

[solve-meta]
  analyzer-name = "dep"
  analyzer-version = 1
  inputs-digest = "2d1f2598e4ed430668b5210033548ac818350bf08c202514622bd12a5bbeac87"
  solver-name = "gps-cdcl"
  solver-version = 1
